{
  "requires": true,
  "lockfileVersion": 1,
  "dependencies": {
    "@axe-core/webdriverjs": {
      "version": "4.4.3",
      "resolved": "https://registry.npmjs.org/@axe-core/webdriverjs/-/webdriverjs-4.4.3.tgz",
      "integrity": "sha512-LsAlhtZcS+vwvRV/Mz6/5wBqSXwv2YHSIwbKOr2lbukq1B+j4zEHgOiCcVm92A6mtFh4qObxqqBP29evTYjdew==",
      "requires": {
        "axe-core": "^4.4.1"
      }
    },
    "axe-core": {
      "version": "4.4.3",
      "resolved": "https://registry.npmjs.org/axe-core/-/axe-core-4.4.3.tgz",
      "integrity": "sha512-32+ub6kkdhhWick/UjvEwRchgoetXqTK14INLqbGm5U2TzBkBNF3nQtLYm8ovxSkQWArjEQvftCKryjZaATu3w=="
    }
  }
}
